
Microsoft Visual Studio Solution File, Format Version 12.00
# Visual Studio 15
VisualStudioVersion = 15.0.28010.2016
MinimumVisualStudioVersion = 10.0.40219.1
Project("{FAE04EC0-301F-11D3-BF4B-00C04F79EFBC}") = "PastukhVitalii.RobotChallange", "Pastukh.Vitalii.RobotChallange\PastukhVitalii.RobotChallange.csproj", "{52A98978-8AC9-4688-B7E0-FE024DFA93E9}"
EndProject
Project("{FAE04EC0-301F-11D3-BF4B-00C04F79EFBC}") = "PastukhVitalii.RobotChallange.Test", "PastukhVitalii.RobotChallange.Test\PastukhVitalii.RobotChallange.Test.csproj", "{3E0D6042-B71E-4B75-A10B-49DAED6295EE}"
EndProject
Global
	GlobalSection(SolutionConfigurationPlatforms) = preSolution
		Debug|Any CPU = Debug|Any CPU
		Release|Any CPU = Release|Any CPU
	EndGlobalSection
	GlobalSection(ProjectConfigurationPlatforms) = postSolution
		{52A98978-8AC9-4688-B7E0-FE024DFA93E9}.Debug|Any CPU.ActiveCfg = Debug|Any CPU
		{52A98978-8AC9-4688-B7E0-FE024DFA93E9}.Debug|Any CPU.Build.0 = Debug|Any CPU
		{52A98978-8AC9-4688-B7E0-FE024DFA93E9}.Release|Any CPU.ActiveCfg = Release|Any CPU
		{52A98978-8AC9-4688-B7E0-FE024DFA93E9}.Release|Any CPU.Build.0 = Release|Any CPU
		{3E0D6042-B71E-4B75-A10B-49DAED6295EE}.Debug|Any CPU.ActiveCfg = Debug|Any CPU
		{3E0D6042-B71E-4B75-A10B-49DAED6295EE}.Debug|Any CPU.Build.0 = Debug|Any CPU
		{3E0D6042-B71E-4B75-A10B-49DAED6295EE}.Release|Any CPU.ActiveCfg = Release|Any CPU
		{3E0D6042-B71E-4B75-A10B-49DAED6295EE}.Release|Any CPU.Build.0 = Release|Any CPU
	EndGlobalSection
	GlobalSection(SolutionProperties) = preSolution
		HideSolutionNode = FALSE
	EndGlobalSection
	GlobalSection(ExtensibilityGlobals) = postSolution
		SolutionGuid = {6E6C4C8E-ABDE-4AF0-8806-B0A9D241DA33}
	EndGlobalSection
EndGlobal
